
Microsoft Visual Studio Solution File, Format Version 12.00
# Visual Studio 2013
VisualStudioVersion = 12.0.30723.0
MinimumVisualStudioVersion = 10.0.40219.1
Project("{FAE04EC0-301F-11D3-BF4B-00C04F79EFBC}") = "EmbeeEDNav", "EmbeeEDNav\EmbeeEDNav.csproj", "{7C89BC00-E6EF-4BFE-B612-73D114E38EE4}"
EndProject
Project("{FAE04EC0-301F-11D3-BF4B-00C04F79EFBC}") = "EmbeeEDModel", "EmbeeEDModel\EmbeeEDModel.csproj", "{F91BD6B0-F810-4505-BA65-49E7FDA5DDDF}"
EndProject
Project("{FAE04EC0-301F-11D3-BF4B-00C04F79EFBC}") = "EmbeeEDNavServer", "EmbeeEDNavServer\EmbeeEDNavServer.csproj", "{CE5B3E2A-08AB-4A17-BCC0-002B6E56706B}"
EndProject
Project("{FAE04EC0-301F-11D3-BF4B-00C04F79EFBC}") = "IpcLib", "IpcLib\IpcLib.csproj", "{67D434CF-4262-488D-AC19-FDABF9383F9C}"
EndProject
Project("{FAE04EC0-301F-11D3-BF4B-00C04F79EFBC}") = "EmbeePathFinder", "EmbeePathFinder\EmbeePathFinder.csproj", "{737F055C-44D9-405D-B351-4B3ED27116CD}"
EndProject
Project("{FAE04EC0-301F-11D3-BF4B-00C04F79EFBC}") = "EmbeeEDTests", "EmbeeEDTests\EmbeeEDTests.csproj", "{6102358F-6916-4CE7-A3CB-D30FDB7DC354}"
EndProject
Global
	GlobalSection(SolutionConfigurationPlatforms) = preSolution
		Debug|Any CPU = Debug|Any CPU
		Debug|x64 = Debug|x64
		Debug|x86 = Debug|x86
		Release|Any CPU = Release|Any CPU
		Release|x64 = Release|x64
		Release|x86 = Release|x86
		RM|Any CPU = RM|Any CPU
		RM|x64 = RM|x64
		RM|x86 = RM|x86
	EndGlobalSection
	GlobalSection(ProjectConfigurationPlatforms) = postSolution
		{7C89BC00-E6EF-4BFE-B612-73D114E38EE4}.Debug|Any CPU.ActiveCfg = Debug|Any CPU
		{7C89BC00-E6EF-4BFE-B612-73D114E38EE4}.Debug|Any CPU.Build.0 = Debug|Any CPU
		{7C89BC00-E6EF-4BFE-B612-73D114E38EE4}.Debug|x64.ActiveCfg = Debug|Any CPU
		{7C89BC00-E6EF-4BFE-B612-73D114E38EE4}.Debug|x86.ActiveCfg = Debug|x86
		{7C89BC00-E6EF-4BFE-B612-73D114E38EE4}.Debug|x86.Build.0 = Debug|x86
		{7C89BC00-E6EF-4BFE-B612-73D114E38EE4}.Release|Any CPU.ActiveCfg = Release|Any CPU
		{7C89BC00-E6EF-4BFE-B612-73D114E38EE4}.Release|Any CPU.Build.0 = Release|Any CPU
		{7C89BC00-E6EF-4BFE-B612-73D114E38EE4}.Release|x64.ActiveCfg = Release|Any CPU
		{7C89BC00-E6EF-4BFE-B612-73D114E38EE4}.Release|x86.ActiveCfg = Release|Any CPU
		{7C89BC00-E6EF-4BFE-B612-73D114E38EE4}.RM|Any CPU.ActiveCfg = Release|Any CPU
		{7C89BC00-E6EF-4BFE-B612-73D114E38EE4}.RM|Any CPU.Build.0 = Release|Any CPU
		{7C89BC00-E6EF-4BFE-B612-73D114E38EE4}.RM|x64.ActiveCfg = Release|Any CPU
		{7C89BC00-E6EF-4BFE-B612-73D114E38EE4}.RM|x86.ActiveCfg = Release|Any CPU
		{F91BD6B0-F810-4505-BA65-49E7FDA5DDDF}.Debug|Any CPU.ActiveCfg = Debug|Any CPU
		{F91BD6B0-F810-4505-BA65-49E7FDA5DDDF}.Debug|Any CPU.Build.0 = Debug|Any CPU
		{F91BD6B0-F810-4505-BA65-49E7FDA5DDDF}.Debug|x64.ActiveCfg = Debug|Any CPU
		{F91BD6B0-F810-4505-BA65-49E7FDA5DDDF}.Debug|x86.ActiveCfg = Debug|x86
		{F91BD6B0-F810-4505-BA65-49E7FDA5DDDF}.Debug|x86.Build.0 = Debug|x86
		{F91BD6B0-F810-4505-BA65-49E7FDA5DDDF}.Release|Any CPU.ActiveCfg = Release|Any CPU
		{F91BD6B0-F810-4505-BA65-49E7FDA5DDDF}.Release|Any CPU.Build.0 = Release|Any CPU
		{F91BD6B0-F810-4505-BA65-49E7FDA5DDDF}.Release|x64.ActiveCfg = Release|Any CPU
		{F91BD6B0-F810-4505-BA65-49E7FDA5DDDF}.Release|x86.ActiveCfg = Release|Any CPU
		{F91BD6B0-F810-4505-BA65-49E7FDA5DDDF}.RM|Any CPU.ActiveCfg = Release|Any CPU
		{F91BD6B0-F810-4505-BA65-49E7FDA5DDDF}.RM|Any CPU.Build.0 = Release|Any CPU
		{F91BD6B0-F810-4505-BA65-49E7FDA5DDDF}.RM|x64.ActiveCfg = Release|Any CPU
		{F91BD6B0-F810-4505-BA65-49E7FDA5DDDF}.RM|x86.ActiveCfg = Release|Any CPU
		{CE5B3E2A-08AB-4A17-BCC0-002B6E56706B}.Debug|Any CPU.ActiveCfg = Debug|Any CPU
		{CE5B3E2A-08AB-4A17-BCC0-002B6E56706B}.Debug|Any CPU.Build.0 = Debug|Any CPU
		{CE5B3E2A-08AB-4A17-BCC0-002B6E56706B}.Debug|x64.ActiveCfg = Debug|Any CPU
		{CE5B3E2A-08AB-4A17-BCC0-002B6E56706B}.Debug|x86.ActiveCfg = Debug|x86
		{CE5B3E2A-08AB-4A17-BCC0-002B6E56706B}.Debug|x86.Build.0 = Debug|x86
		{CE5B3E2A-08AB-4A17-BCC0-002B6E56706B}.Release|Any CPU.ActiveCfg = Release|Any CPU
		{CE5B3E2A-08AB-4A17-BCC0-002B6E56706B}.Release|Any CPU.Build.0 = Release|Any CPU
		{CE5B3E2A-08AB-4A17-BCC0-002B6E56706B}.Release|x64.ActiveCfg = Release|Any CPU
		{CE5B3E2A-08AB-4A17-BCC0-002B6E56706B}.Release|x86.ActiveCfg = Release|Any CPU
		{CE5B3E2A-08AB-4A17-BCC0-002B6E56706B}.RM|Any CPU.ActiveCfg = Release|Any CPU
		{CE5B3E2A-08AB-4A17-BCC0-002B6E56706B}.RM|Any CPU.Build.0 = Release|Any CPU
		{CE5B3E2A-08AB-4A17-BCC0-002B6E56706B}.RM|x64.ActiveCfg = Release|Any CPU
		{CE5B3E2A-08AB-4A17-BCC0-002B6E56706B}.RM|x86.ActiveCfg = Release|Any CPU
		{67D434CF-4262-488D-AC19-FDABF9383F9C}.Debug|Any CPU.ActiveCfg = Debug|Any CPU
		{67D434CF-4262-488D-AC19-FDABF9383F9C}.Debug|Any CPU.Build.0 = Debug|Any CPU
		{67D434CF-4262-488D-AC19-FDABF9383F9C}.Debug|x64.ActiveCfg = Debug|x64
		{67D434CF-4262-488D-AC19-FDABF9383F9C}.Debug|x64.Build.0 = Debug|x64
		{67D434CF-4262-488D-AC19-FDABF9383F9C}.Debug|x86.ActiveCfg = Debug|x86
		{67D434CF-4262-488D-AC19-FDABF9383F9C}.Debug|x86.Build.0 = Debug|x86
		{67D434CF-4262-488D-AC19-FDABF9383F9C}.Release|Any CPU.ActiveCfg = Release|Any CPU
		{67D434CF-4262-488D-AC19-FDABF9383F9C}.Release|Any CPU.Build.0 = Release|Any CPU
		{67D434CF-4262-488D-AC19-FDABF9383F9C}.Release|x64.ActiveCfg = Release|x64
		{67D434CF-4262-488D-AC19-FDABF9383F9C}.Release|x64.Build.0 = Release|x64
		{67D434CF-4262-488D-AC19-FDABF9383F9C}.Release|x86.ActiveCfg = Release|x86
		{67D434CF-4262-488D-AC19-FDABF9383F9C}.Release|x86.Build.0 = Release|x86
		{67D434CF-4262-488D-AC19-FDABF9383F9C}.RM|Any CPU.ActiveCfg = RM|Any CPU
		{67D434CF-4262-488D-AC19-FDABF9383F9C}.RM|Any CPU.Build.0 = RM|Any CPU
		{67D434CF-4262-488D-AC19-FDABF9383F9C}.RM|x64.ActiveCfg = RM|x64
		{67D434CF-4262-488D-AC19-FDABF9383F9C}.RM|x64.Build.0 = RM|x64
		{67D434CF-4262-488D-AC19-FDABF9383F9C}.RM|x86.ActiveCfg = RM|x86
		{67D434CF-4262-488D-AC19-FDABF9383F9C}.RM|x86.Build.0 = RM|x86
		{737F055C-44D9-405D-B351-4B3ED27116CD}.Debug|Any CPU.ActiveCfg = Debug|Any CPU
		{737F055C-44D9-405D-B351-4B3ED27116CD}.Debug|Any CPU.Build.0 = Debug|Any CPU
		{737F055C-44D9-405D-B351-4B3ED27116CD}.Debug|x64.ActiveCfg = Debug|Any CPU
		{737F055C-44D9-405D-B351-4B3ED27116CD}.Debug|x86.ActiveCfg = Debug|x86
		{737F055C-44D9-405D-B351-4B3ED27116CD}.Debug|x86.Build.0 = Debug|x86
		{737F055C-44D9-405D-B351-4B3ED27116CD}.Release|Any CPU.ActiveCfg = Release|Any CPU
		{737F055C-44D9-405D-B351-4B3ED27116CD}.Release|Any CPU.Build.0 = Release|Any CPU
		{737F055C-44D9-405D-B351-4B3ED27116CD}.Release|x64.ActiveCfg = Release|Any CPU
		{737F055C-44D9-405D-B351-4B3ED27116CD}.Release|x86.ActiveCfg = Release|Any CPU
		{737F055C-44D9-405D-B351-4B3ED27116CD}.RM|Any CPU.ActiveCfg = Release|Any CPU
		{737F055C-44D9-405D-B351-4B3ED27116CD}.RM|Any CPU.Build.0 = Release|Any CPU
		{737F055C-44D9-405D-B351-4B3ED27116CD}.RM|x64.ActiveCfg = Release|Any CPU
		{737F055C-44D9-405D-B351-4B3ED27116CD}.RM|x86.ActiveCfg = Release|Any CPU
		{6102358F-6916-4CE7-A3CB-D30FDB7DC354}.Debug|Any CPU.ActiveCfg = Debug|Any CPU
		{6102358F-6916-4CE7-A3CB-D30FDB7DC354}.Debug|Any CPU.Build.0 = Debug|Any CPU
		{6102358F-6916-4CE7-A3CB-D30FDB7DC354}.Debug|x64.ActiveCfg = Debug|Any CPU
		{6102358F-6916-4CE7-A3CB-D30FDB7DC354}.Debug|x86.ActiveCfg = Debug|x86
		{6102358F-6916-4CE7-A3CB-D30FDB7DC354}.Debug|x86.Build.0 = Debug|x86
		{6102358F-6916-4CE7-A3CB-D30FDB7DC354}.Release|Any CPU.ActiveCfg = Release|Any CPU
		{6102358F-6916-4CE7-A3CB-D30FDB7DC354}.Release|Any CPU.Build.0 = Release|Any CPU
		{6102358F-6916-4CE7-A3CB-D30FDB7DC354}.Release|x64.ActiveCfg = Release|Any CPU
		{6102358F-6916-4CE7-A3CB-D30FDB7DC354}.Release|x86.ActiveCfg = Release|Any CPU
		{6102358F-6916-4CE7-A3CB-D30FDB7DC354}.RM|Any CPU.ActiveCfg = Release|Any CPU
		{6102358F-6916-4CE7-A3CB-D30FDB7DC354}.RM|Any CPU.Build.0 = Release|Any CPU
		{6102358F-6916-4CE7-A3CB-D30FDB7DC354}.RM|x64.ActiveCfg = Release|Any CPU
		{6102358F-6916-4CE7-A3CB-D30FDB7DC354}.RM|x86.ActiveCfg = Release|Any CPU
	EndGlobalSection
	GlobalSection(SolutionProperties) = preSolution
		HideSolutionNode = FALSE
	EndGlobalSection
EndGlobal
